{
  "nodes": {
    "flake-compat": {
      "flake": false,
      "locked": {
        "lastModified": 1650374568,
        "narHash": "sha256-Z+s0J8/r907g149rllvwhb4pKi8Wam5ij0st8PwAh+E=",
        "owner": "edolstra",
        "repo": "flake-compat",
        "rev": "b4a34015c698c7793d592d66adbab377907a2be8",
        "type": "github"
      },
      "original": {
        "owner": "edolstra",
        "repo": "flake-compat",
        "type": "github"
      }
    },
    "flake-utils": {
      "locked": {
        "lastModified": 1659877975,
        "narHash": "sha256-zllb8aq3YO3h8B/U0/J1WBgAL8EX5yWf5pMj3G0NAmc=",
        "owner": "numtide",
        "repo": "flake-utils",
        "rev": "c0e246b9b83f637f4681389ecabcb2681b4f3af0",
        "type": "github"
      },
      "original": {
        "owner": "numtide",
        "repo": "flake-utils",
        "type": "github"
      }
    },
    "gitignore": {
      "inputs": {
        "nixpkgs": [
          "nixpkgs"
        ]
      },
      "locked": {
        "lastModified": 1660459072,
        "narHash": "sha256-8DFJjXG8zqoONA1vXtgeKXy68KdJL5UaXR8NtVMUbx8=",
        "owner": "hercules-ci",
        "repo": "gitignore.nix",
        "rev": "a20de23b925fd8264fd7fad6454652e142fd7f73",
        "type": "github"
      },
      "original": {
        "owner": "hercules-ci",
        "repo": "gitignore.nix",
        "type": "github"
      }
    },
    "naersk": {
      "inputs": {
        "nixpkgs": [
          "nixpkgs"
        ]
      },
      "locked": {
        "lastModified": 1659610603,
        "narHash": "sha256-LYgASYSPYo7O71WfeUOaEUzYfzuXm8c8eavJcel+pfI=",
        "owner": "nix-community",
        "repo": "naersk",
        "rev": "c6a45e4277fa58abd524681466d3450f896dc094",
        "type": "github"
      },
      "original": {
        "owner": "nix-community",
        "repo": "naersk",
        "type": "github"
      }
    },
    "nixpkgs": {
      "locked": {
        "lastModified": 1661450036,
        "narHash": "sha256-0/9UyJLtfWqF4uvOrjFIzk8ue1YYUHa6JIhV0mALkH0=",
        "owner": "NixOS",
        "repo": "nixpkgs",
        "rev": "f3d0897be466aa09a37f6bf59e62c360c3f9a6cc",
        "type": "github"
      },
      "original": {
        "owner": "NixOS",
        "ref": "nixos-unstable",
        "repo": "nixpkgs",
        "type": "github"
      }
    },
    "pre-commit-hooks": {
      "inputs": {
        "flake-utils": [
          "flake-utils"
        ],
        "nixpkgs": [
          "nixpkgs"
        ]
      },
      "locked": {
        "lastModified": 1660830093,
        "narHash": "sha256-HUhx3a82C7bgp2REdGFeHJdhEAzMGCk3V8xIvfBqg1I=",
        "owner": "cachix",
        "repo": "pre-commit-hooks.nix",
        "rev": "8cb8ea5f1c7bc2984f460587fddd5f2e558f6eb8",
        "type": "github"
      },
      "original": {
        "owner": "cachix",
        "repo": "pre-commit-hooks.nix",
        "type": "github"
      }
    },
    "root": {
      "inputs": {
        "flake-compat": "flake-compat",
        "flake-utils": "flake-utils",
        "gitignore": "gitignore",
        "naersk": "naersk",
        "nixpkgs": "nixpkgs",
        "pre-commit-hooks": "pre-commit-hooks",
        "rust-overlay": "rust-overlay"
      }
    },
    "rust-overlay": {
      "inputs": {
        "flake-utils": [
          "flake-utils"
        ],
        "nixpkgs": [
          "nixpkgs"
        ]
      },
      "locked": {
        "lastModified": 1661568992,
        "narHash": "sha256-BKoSLBBI7tXHyulp9AnB1SINU2+zzSZEt6mdhkR5uvw=",
        "owner": "oxalica",
        "repo": "rust-overlay",
        "rev": "790c16639c7d8da8b36d0aa6a7c1f589af8c5f68",
        "type": "github"
      },
      "original": {
        "owner": "oxalica",
        "repo": "rust-overlay",
        "type": "github"
      }
    }
  },
  "root": "root",
  "version": 7
}
