{
  "nodes": {
    "naersk": {
      "inputs": {
        "nixpkgs": [
          "nixpkgs"
        ]
      },
      "locked": {
        "lastModified": 1623927034,
        "narHash": "sha256-sGxlmfp5eXL5sAMNqHSb04Zq6gPl+JeltIZ226OYN0w=",
        "owner": "nmattia",
        "repo": "naersk",
        "rev": "e09c320446c5c2516d430803f7b19f5833781337",
        "type": "github"
      },
      "original": {
        "owner": "nmattia",
        "repo": "naersk",
        "type": "github"
      }
    },
    "nixpkgs": {
      "locked": {
        "lastModified": 1627942574,
        "narHash": "sha256-guUcGRWvY2mfiVSet2x/zeHIyflm2wgglj0ldg0mMio=",
        "owner": "NixOS",
        "repo": "nixpkgs",
        "rev": "c464dc811babfe316ed4ab7bbc12351122e69dd7",
        "type": "github"
      },
      "original": {
        "owner": "NixOS",
        "ref": "nixos-unstable",
        "repo": "nixpkgs",
        "type": "github"
      }
    },
    "root": {
      "inputs": {
        "naersk": "naersk",
        "nixpkgs": "nixpkgs",
        "utils": "utils"
      }
    },
    "utils": {
      "locked": {
        "lastModified": 1627654666,
        "narHash": "sha256-J+kz3AmVE+e+dHuM6Kazpq8toOYSunjpC7NM7BRmDNI=",
        "owner": "kreisys",
        "repo": "flake-utils",
        "rev": "b9f0f170e3ea95d2c3de73245fe7f35efa5a99c3",
        "type": "github"
      },
      "original": {
        "owner": "kreisys",
        "repo": "flake-utils",
        "type": "github"
      }
    }
  },
  "root": "root",
  "version": 7
}
